
Microsoft Visual Studio Solution File, Format Version 12.00
# Visual Studio 15
VisualStudioVersion = 15.0.27004.2009
MinimumVisualStudioVersion = 10.0.40219.1
Project("{2150E333-8FDC-42A3-9474-1A3956D46DE8}") = "Engine", "Engine", "{4426D675-779C-46F4-B6D0-BBD75038C6B7}"
EndProject
Project("{2150E333-8FDC-42A3-9474-1A3956D46DE8}") = "Games", "Games", "{8FCE36B6-DBF0-43EC-B0E1-D84B75583761}"
EndProject
Project("{8BC9CEB8-8B4A-11D0-8D11-00A0C91BC942}") = "UE4", "Intermediate\ProjectFiles\UE4.vcxproj", "{9382601F-DE1F-47B4-968D-7C74FE6C90A2}"
EndProject
Project("{8BC9CEB8-8B4A-11D0-8D11-00A0C91BC942}") = "BuildingEscape", "Intermediate\ProjectFiles\BuildingEscape.vcxproj", "{9449D820-D7BB-46CF-A1EE-23C276C5C3AF}"
EndProject
Global
	GlobalSection(SolutionConfigurationPlatforms) = preSolution
		DebugGame Editor|Android = DebugGame Editor|Android
		DebugGame Editor|HTML5 = DebugGame Editor|HTML5
		DebugGame Editor|Win32 = DebugGame Editor|Win32
		DebugGame Editor|Win64 = DebugGame Editor|Win64
		DebugGame|Android = DebugGame|Android
		DebugGame|HTML5 = DebugGame|HTML5
		DebugGame|Win32 = DebugGame|Win32
		DebugGame|Win64 = DebugGame|Win64
		Development Editor|Android = Development Editor|Android
		Development Editor|HTML5 = Development Editor|HTML5
		Development Editor|Win32 = Development Editor|Win32
		Development Editor|Win64 = Development Editor|Win64
		Development|Android = Development|Android
		Development|HTML5 = Development|HTML5
		Development|Win32 = Development|Win32
		Development|Win64 = Development|Win64
		Shipping|Android = Shipping|Android
		Shipping|HTML5 = Shipping|HTML5
		Shipping|Win32 = Shipping|Win32
		Shipping|Win64 = Shipping|Win64
	EndGlobalSection
	GlobalSection(ProjectConfigurationPlatforms) = postSolution
		{9382601F-DE1F-47B4-968D-7C74FE6C90A2}.DebugGame Editor|Android.ActiveCfg = BuiltWithUnrealBuildTool|Win32
		{9382601F-DE1F-47B4-968D-7C74FE6C90A2}.DebugGame Editor|Android.Build.0 = BuiltWithUnrealBuildTool|Win32
		{9382601F-DE1F-47B4-968D-7C74FE6C90A2}.DebugGame Editor|HTML5.ActiveCfg = BuiltWithUnrealBuildTool|Win32
		{9382601F-DE1F-47B4-968D-7C74FE6C90A2}.DebugGame Editor|HTML5.Build.0 = BuiltWithUnrealBuildTool|Win32
		{9382601F-DE1F-47B4-968D-7C74FE6C90A2}.DebugGame Editor|Win32.ActiveCfg = BuiltWithUnrealBuildTool|Win32
		{9382601F-DE1F-47B4-968D-7C74FE6C90A2}.DebugGame Editor|Win32.Build.0 = BuiltWithUnrealBuildTool|Win32
		{9382601F-DE1F-47B4-968D-7C74FE6C90A2}.DebugGame Editor|Win64.ActiveCfg = BuiltWithUnrealBuildTool|Win32
		{9382601F-DE1F-47B4-968D-7C74FE6C90A2}.DebugGame Editor|Win64.Build.0 = BuiltWithUnrealBuildTool|Win32
		{9382601F-DE1F-47B4-968D-7C74FE6C90A2}.DebugGame|Android.ActiveCfg = BuiltWithUnrealBuildTool|Win32
		{9382601F-DE1F-47B4-968D-7C74FE6C90A2}.DebugGame|Android.Build.0 = BuiltWithUnrealBuildTool|Win32
		{9382601F-DE1F-47B4-968D-7C74FE6C90A2}.DebugGame|HTML5.ActiveCfg = BuiltWithUnrealBuildTool|Win32
		{9382601F-DE1F-47B4-968D-7C74FE6C90A2}.DebugGame|HTML5.Build.0 = BuiltWithUnrealBuildTool|Win32
		{9382601F-DE1F-47B4-968D-7C74FE6C90A2}.DebugGame|Win32.ActiveCfg = BuiltWithUnrealBuildTool|Win32
		{9382601F-DE1F-47B4-968D-7C74FE6C90A2}.DebugGame|Win32.Build.0 = BuiltWithUnrealBuildTool|Win32
		{9382601F-DE1F-47B4-968D-7C74FE6C90A2}.DebugGame|Win64.ActiveCfg = BuiltWithUnrealBuildTool|Win32
		{9382601F-DE1F-47B4-968D-7C74FE6C90A2}.DebugGame|Win64.Build.0 = BuiltWithUnrealBuildTool|Win32
		{9382601F-DE1F-47B4-968D-7C74FE6C90A2}.Development Editor|Android.ActiveCfg = BuiltWithUnrealBuildTool|Win32
		{9382601F-DE1F-47B4-968D-7C74FE6C90A2}.Development Editor|Android.Build.0 = BuiltWithUnrealBuildTool|Win32
		{9382601F-DE1F-47B4-968D-7C74FE6C90A2}.Development Editor|HTML5.ActiveCfg = BuiltWithUnrealBuildTool|Win32
		{9382601F-DE1F-47B4-968D-7C74FE6C90A2}.Development Editor|HTML5.Build.0 = BuiltWithUnrealBuildTool|Win32
		{9382601F-DE1F-47B4-968D-7C74FE6C90A2}.Development Editor|Win32.ActiveCfg = BuiltWithUnrealBuildTool|Win32
		{9382601F-DE1F-47B4-968D-7C74FE6C90A2}.Development Editor|Win32.Build.0 = BuiltWithUnrealBuildTool|Win32
		{9382601F-DE1F-47B4-968D-7C74FE6C90A2}.Development Editor|Win64.ActiveCfg = BuiltWithUnrealBuildTool|Win32
		{9382601F-DE1F-47B4-968D-7C74FE6C90A2}.Development Editor|Win64.Build.0 = BuiltWithUnrealBuildTool|Win32
		{9382601F-DE1F-47B4-968D-7C74FE6C90A2}.Development|Android.ActiveCfg = BuiltWithUnrealBuildTool|Win32
		{9382601F-DE1F-47B4-968D-7C74FE6C90A2}.Development|Android.Build.0 = BuiltWithUnrealBuildTool|Win32
		{9382601F-DE1F-47B4-968D-7C74FE6C90A2}.Development|HTML5.ActiveCfg = BuiltWithUnrealBuildTool|Win32
		{9382601F-DE1F-47B4-968D-7C74FE6C90A2}.Development|HTML5.Build.0 = BuiltWithUnrealBuildTool|Win32
		{9382601F-DE1F-47B4-968D-7C74FE6C90A2}.Development|Win32.ActiveCfg = BuiltWithUnrealBuildTool|Win32
		{9382601F-DE1F-47B4-968D-7C74FE6C90A2}.Development|Win32.Build.0 = BuiltWithUnrealBuildTool|Win32
		{9382601F-DE1F-47B4-968D-7C74FE6C90A2}.Development|Win64.ActiveCfg = BuiltWithUnrealBuildTool|Win32
		{9382601F-DE1F-47B4-968D-7C74FE6C90A2}.Development|Win64.Build.0 = BuiltWithUnrealBuildTool|Win32
		{9382601F-DE1F-47B4-968D-7C74FE6C90A2}.Shipping|Android.ActiveCfg = BuiltWithUnrealBuildTool|Win32
		{9382601F-DE1F-47B4-968D-7C74FE6C90A2}.Shipping|Android.Build.0 = BuiltWithUnrealBuildTool|Win32
		{9382601F-DE1F-47B4-968D-7C74FE6C90A2}.Shipping|HTML5.ActiveCfg = BuiltWithUnrealBuildTool|Win32
		{9382601F-DE1F-47B4-968D-7C74FE6C90A2}.Shipping|HTML5.Build.0 = BuiltWithUnrealBuildTool|Win32
		{9382601F-DE1F-47B4-968D-7C74FE6C90A2}.Shipping|Win32.ActiveCfg = BuiltWithUnrealBuildTool|Win32
		{9382601F-DE1F-47B4-968D-7C74FE6C90A2}.Shipping|Win32.Build.0 = BuiltWithUnrealBuildTool|Win32
		{9382601F-DE1F-47B4-968D-7C74FE6C90A2}.Shipping|Win64.ActiveCfg = BuiltWithUnrealBuildTool|Win32
		{9382601F-DE1F-47B4-968D-7C74FE6C90A2}.Shipping|Win64.Build.0 = BuiltWithUnrealBuildTool|Win32
		{9449D820-D7BB-46CF-A1EE-23C276C5C3AF}.DebugGame Editor|Android.ActiveCfg = Android_DebugGame_Editor|Win32
		{9449D820-D7BB-46CF-A1EE-23C276C5C3AF}.DebugGame Editor|HTML5.ActiveCfg = HTML5_DebugGame_Editor|Win32
		{9449D820-D7BB-46CF-A1EE-23C276C5C3AF}.DebugGame Editor|Win32.ActiveCfg = DebugGame_Editor|Win32
		{9449D820-D7BB-46CF-A1EE-23C276C5C3AF}.DebugGame Editor|Win64.ActiveCfg = DebugGame_Editor|x64
		{9449D820-D7BB-46CF-A1EE-23C276C5C3AF}.DebugGame Editor|Win64.Build.0 = DebugGame_Editor|x64
		{9449D820-D7BB-46CF-A1EE-23C276C5C3AF}.DebugGame|Android.ActiveCfg = Android_DebugGame_Game|Win32
		{9449D820-D7BB-46CF-A1EE-23C276C5C3AF}.DebugGame|Android.Build.0 = Android_DebugGame_Game|Win32
		{9449D820-D7BB-46CF-A1EE-23C276C5C3AF}.DebugGame|HTML5.ActiveCfg = HTML5_DebugGame_Game|Win32
		{9449D820-D7BB-46CF-A1EE-23C276C5C3AF}.DebugGame|HTML5.Build.0 = HTML5_DebugGame_Game|Win32
		{9449D820-D7BB-46CF-A1EE-23C276C5C3AF}.DebugGame|Win32.ActiveCfg = DebugGame_Game|Win32
		{9449D820-D7BB-46CF-A1EE-23C276C5C3AF}.DebugGame|Win32.Build.0 = DebugGame_Game|Win32
		{9449D820-D7BB-46CF-A1EE-23C276C5C3AF}.DebugGame|Win64.ActiveCfg = DebugGame_Game|x64
		{9449D820-D7BB-46CF-A1EE-23C276C5C3AF}.DebugGame|Win64.Build.0 = DebugGame_Game|x64
		{9449D820-D7BB-46CF-A1EE-23C276C5C3AF}.Development Editor|Android.ActiveCfg = Android_Development_Editor|Win32
		{9449D820-D7BB-46CF-A1EE-23C276C5C3AF}.Development Editor|HTML5.ActiveCfg = HTML5_Development_Editor|Win32
		{9449D820-D7BB-46CF-A1EE-23C276C5C3AF}.Development Editor|Win32.ActiveCfg = Development_Editor|Win32
		{9449D820-D7BB-46CF-A1EE-23C276C5C3AF}.Development Editor|Win64.ActiveCfg = Development_Editor|x64
		{9449D820-D7BB-46CF-A1EE-23C276C5C3AF}.Development Editor|Win64.Build.0 = Development_Editor|x64
		{9449D820-D7BB-46CF-A1EE-23C276C5C3AF}.Development|Android.ActiveCfg = Android_Development_Game|Win32
		{9449D820-D7BB-46CF-A1EE-23C276C5C3AF}.Development|Android.Build.0 = Android_Development_Game|Win32
		{9449D820-D7BB-46CF-A1EE-23C276C5C3AF}.Development|HTML5.ActiveCfg = HTML5_Development_Game|Win32
		{9449D820-D7BB-46CF-A1EE-23C276C5C3AF}.Development|HTML5.Build.0 = HTML5_Development_Game|Win32
		{9449D820-D7BB-46CF-A1EE-23C276C5C3AF}.Development|Win32.ActiveCfg = Development_Game|Win32
		{9449D820-D7BB-46CF-A1EE-23C276C5C3AF}.Development|Win32.Build.0 = Development_Game|Win32
		{9449D820-D7BB-46CF-A1EE-23C276C5C3AF}.Development|Win64.ActiveCfg = Development_Game|x64
		{9449D820-D7BB-46CF-A1EE-23C276C5C3AF}.Development|Win64.Build.0 = Development_Game|x64
		{9449D820-D7BB-46CF-A1EE-23C276C5C3AF}.Shipping|Android.ActiveCfg = Android_Shipping_Game|Win32
		{9449D820-D7BB-46CF-A1EE-23C276C5C3AF}.Shipping|Android.Build.0 = Android_Shipping_Game|Win32
		{9449D820-D7BB-46CF-A1EE-23C276C5C3AF}.Shipping|HTML5.ActiveCfg = HTML5_Shipping_Game|Win32
		{9449D820-D7BB-46CF-A1EE-23C276C5C3AF}.Shipping|HTML5.Build.0 = HTML5_Shipping_Game|Win32
		{9449D820-D7BB-46CF-A1EE-23C276C5C3AF}.Shipping|Win32.ActiveCfg = Shipping_Game|Win32
		{9449D820-D7BB-46CF-A1EE-23C276C5C3AF}.Shipping|Win32.Build.0 = Shipping_Game|Win32
		{9449D820-D7BB-46CF-A1EE-23C276C5C3AF}.Shipping|Win64.ActiveCfg = Shipping_Game|x64
		{9449D820-D7BB-46CF-A1EE-23C276C5C3AF}.Shipping|Win64.Build.0 = Shipping_Game|x64
	EndGlobalSection
	GlobalSection(SolutionProperties) = preSolution
		HideSolutionNode = FALSE
	EndGlobalSection
	GlobalSection(NestedProjects) = preSolution
		{9382601F-DE1F-47B4-968D-7C74FE6C90A2} = {4426D675-779C-46F4-B6D0-BBD75038C6B7}
		{9449D820-D7BB-46CF-A1EE-23C276C5C3AF} = {8FCE36B6-DBF0-43EC-B0E1-D84B75583761}
	EndGlobalSection
	GlobalSection(ExtensibilityGlobals) = postSolution
		SolutionGuid = {1EAAED75-E899-4889-9FA8-E6D44DBE3570}
	EndGlobalSection
EndGlobal
